
Microsoft Visual Studio Solution File, Format Version 12.00
Project("{FAE04EC0-301F-11D3-BF4B-00C04F79EFBC}") = "NLayer.Core", "NLayer.Core\NLayer.Core.csproj", "{58F923E0-CD83-4306-8D26-D08BDE279FFA}"
EndProject
Project("{FAE04EC0-301F-11D3-BF4B-00C04F79EFBC}") = "NLayer.Repository", "NLayer.Repository\NLayer.Repository.csproj", "{3C1A568D-5B8F-46B2-8010-EF7E5EAED211}"
EndProject
Project("{FAE04EC0-301F-11D3-BF4B-00C04F79EFBC}") = "NLayer.Service", "NLayer.Service\NLayer.Service.csproj", "{4AC2FA3C-205D-49EA-8F6F-E2BC97A42168}"
EndProject
Project("{FAE04EC0-301F-11D3-BF4B-00C04F79EFBC}") = "NLayer.API", "NLayer.API\NLayer.API.csproj", "{CFB1022F-962A-4BA5-9C9F-01B77FCA7BB5}"
EndProject
Project("{FAE04EC0-301F-11D3-BF4B-00C04F79EFBC}") = "NLayer.Web", "NLayer.Web\NLayer.Web.csproj", "{914F10EC-6327-4763-8D61-720C5FFB4624}"
EndProject
Project("{FAE04EC0-301F-11D3-BF4B-00C04F79EFBC}") = "NLayer.Caching", "NLayer.Caching\NLayer.Caching.csproj", "{96B15508-98A1-4755-8583-AB2DF32F81BA}"
EndProject
Global
	GlobalSection(SolutionConfigurationPlatforms) = preSolution
		Debug|Any CPU = Debug|Any CPU
		Release|Any CPU = Release|Any CPU
	EndGlobalSection
	GlobalSection(ProjectConfigurationPlatforms) = postSolution
		{58F923E0-CD83-4306-8D26-D08BDE279FFA}.Debug|Any CPU.ActiveCfg = Debug|Any CPU
		{58F923E0-CD83-4306-8D26-D08BDE279FFA}.Debug|Any CPU.Build.0 = Debug|Any CPU
		{58F923E0-CD83-4306-8D26-D08BDE279FFA}.Release|Any CPU.ActiveCfg = Release|Any CPU
		{58F923E0-CD83-4306-8D26-D08BDE279FFA}.Release|Any CPU.Build.0 = Release|Any CPU
		{3C1A568D-5B8F-46B2-8010-EF7E5EAED211}.Debug|Any CPU.ActiveCfg = Debug|Any CPU
		{3C1A568D-5B8F-46B2-8010-EF7E5EAED211}.Debug|Any CPU.Build.0 = Debug|Any CPU
		{3C1A568D-5B8F-46B2-8010-EF7E5EAED211}.Release|Any CPU.ActiveCfg = Release|Any CPU
		{3C1A568D-5B8F-46B2-8010-EF7E5EAED211}.Release|Any CPU.Build.0 = Release|Any CPU
		{4AC2FA3C-205D-49EA-8F6F-E2BC97A42168}.Debug|Any CPU.ActiveCfg = Debug|Any CPU
		{4AC2FA3C-205D-49EA-8F6F-E2BC97A42168}.Debug|Any CPU.Build.0 = Debug|Any CPU
		{4AC2FA3C-205D-49EA-8F6F-E2BC97A42168}.Release|Any CPU.ActiveCfg = Release|Any CPU
		{4AC2FA3C-205D-49EA-8F6F-E2BC97A42168}.Release|Any CPU.Build.0 = Release|Any CPU
		{CFB1022F-962A-4BA5-9C9F-01B77FCA7BB5}.Debug|Any CPU.ActiveCfg = Debug|Any CPU
		{CFB1022F-962A-4BA5-9C9F-01B77FCA7BB5}.Debug|Any CPU.Build.0 = Debug|Any CPU
		{CFB1022F-962A-4BA5-9C9F-01B77FCA7BB5}.Release|Any CPU.ActiveCfg = Release|Any CPU
		{CFB1022F-962A-4BA5-9C9F-01B77FCA7BB5}.Release|Any CPU.Build.0 = Release|Any CPU
		{914F10EC-6327-4763-8D61-720C5FFB4624}.Debug|Any CPU.ActiveCfg = Debug|Any CPU
		{914F10EC-6327-4763-8D61-720C5FFB4624}.Debug|Any CPU.Build.0 = Debug|Any CPU
		{914F10EC-6327-4763-8D61-720C5FFB4624}.Release|Any CPU.ActiveCfg = Release|Any CPU
		{914F10EC-6327-4763-8D61-720C5FFB4624}.Release|Any CPU.Build.0 = Release|Any CPU
		{96B15508-98A1-4755-8583-AB2DF32F81BA}.Debug|Any CPU.ActiveCfg = Debug|Any CPU
		{96B15508-98A1-4755-8583-AB2DF32F81BA}.Debug|Any CPU.Build.0 = Debug|Any CPU
		{96B15508-98A1-4755-8583-AB2DF32F81BA}.Release|Any CPU.ActiveCfg = Release|Any CPU
		{96B15508-98A1-4755-8583-AB2DF32F81BA}.Release|Any CPU.Build.0 = Release|Any CPU
	EndGlobalSection
EndGlobal
